version = 1
revision = 3
requires-python = ">=3.12"

[[package]]
name = "obiad-tooling"
version = "0.1.0"
source = { virtual = "." }
dependencies = [
    { name = "tree-sitter" },
    { name = "tree-sitter-css" },
    { name = "tree-sitter-go" },
    { name = "tree-sitter-svelte" },
    { name = "tree-sitter-typescript" },
]

[package.metadata]
requires-dist = [
    { name = "tree-sitter", specifier = "==0.25.2" },
    { name = "tree-sitter-css", specifier = "==0.25.0" },
    { name = "tree-sitter-go", specifier = "==0.25.0" },
    { name = "tree-sitter-svelte", specifier = "==1.0.2" },
    { name = "tree-sitter-typescript", specifier = "==0.23.2" },
]

[[package]]
name = "tree-sitter"
version = "0.25.2"
source = { registry = "https://pypi.org/simple" }
sdist = { url = "https://files.pythonhosted.org/packages/66/7c/0350cfc47faadc0d3cf7d8237a4e34032b3014ddf4a12ded9933e1648b55/tree-sitter-0.25.2.tar.gz", hash = "sha256:fe43c158555da46723b28b52e058ad444195afd1db3ca7720c59a254544e9c20", size = 177961, upload-time = "2025-09-25T17:37:59.751Z" }
wheels = [
    { url = "https://files.pythonhosted.org/packages/3c/9e/20c2a00a862f1c2897a436b17edb774e831b22218083b459d0d081c9db33/tree_sitter-0.25.2-cp312-cp312-macosx_10_13_x86_64.whl", hash = "sha256:ddabfff809ffc983fc9963455ba1cecc90295803e06e140a4c83e94c1fa3d960", size = 146941, upload-time = "2025-09-25T17:37:34.813Z" },
    { url = "https://files.pythonhosted.org/packages/ef/04/8512e2062e652a1016e840ce36ba1cc33258b0dcc4e500d8089b4054afec/tree_sitter-0.25.2-cp312-cp312-macosx_11_0_arm64.whl", hash = "sha256:c0c0ab5f94938a23fe81928a21cc0fac44143133ccc4eb7eeb1b92f84748331c", size = 137699, upload-time = "2025-09-25T17:37:36.349Z" },
    { url = "https://files.pythonhosted.org/packages/47/8a/d48c0414db19307b0fb3bb10d76a3a0cbe275bb293f145ee7fba2abd668e/tree_sitter-0.25.2-cp312-cp312-manylinux2014_aarch64.manylinux_2_17_aarch64.manylinux_2_28_aarch64.whl", hash = "sha256:dd12d80d91d4114ca097626eb82714618dcdfacd6a5e0955216c6485c350ef99", size = 607125, upload-time = "2025-09-25T17:37:37.725Z" },
    { url = "https://files.pythonhosted.org/packages/39/d1/b95f545e9fc5001b8a78636ef942a4e4e536580caa6a99e73dd0a02e87aa/tree_sitter-0.25.2-cp312-cp312-manylinux2014_x86_64.manylinux_2_17_x86_64.manylinux_2_28_x86_64.whl", hash = "sha256:b43a9e4c89d4d0839de27cd4d6902d33396de700e9ff4c5ab7631f277a85ead9", size = 635418, upload-time = "2025-09-25T17:37:38.922Z" },
    { url = "https://files.pythonhosted.org/packages/de/4d/b734bde3fb6f3513a010fa91f1f2875442cdc0382d6a949005cd84563d8f/tree_sitter-0.25.2-cp312-cp312-musllinux_1_2_x86_64.whl", hash = "sha256:fbb1706407c0e451c4f8cc016fec27d72d4b211fdd3173320b1ada7a6c74c3ac", size = 631250, upload-time = "2025-09-25T17:37:40.039Z" },
    { url = "https://files.pythonhosted.org/packages/46/f2/5f654994f36d10c64d50a192239599fcae46677491c8dd53e7579c35a3e3/tree_sitter-0.25.2-cp312-cp312-win_amd64.whl", hash = "sha256:6d0302550bbe4620a5dc7649517c4409d74ef18558276ce758419cf09e578897", size = 127156, upload-time = "2025-09-25T17:37:41.132Z" },
    { url = "https://files.pythonhosted.org/packages/67/23/148c468d410efcf0a9535272d81c258d840c27b34781d625f1f627e2e27d/tree_sitter-0.25.2-cp312-cp312-win_arm64.whl", hash = "sha256:0c8b6682cac77e37cfe5cf7ec388844957f48b7bd8d6321d0ca2d852994e10d5", size = 113984, upload-time = "2025-09-25T17:37:42.074Z" },
    { url = "https://files.pythonhosted.org/packages/8c/67/67492014ce32729b63d7ef318a19f9cfedd855d677de5773476caf771e96/tree_sitter-0.25.2-cp313-cp313-macosx_10_13_x86_64.whl", hash = "sha256:0628671f0de69bb279558ef6b640bcfc97864fe0026d840f872728a86cd6b6cd", size = 146926, upload-time = "2025-09-25T17:37:43.041Z" },
    { url = "https://files.pythonhosted.org/packages/4e/9c/a278b15e6b263e86c5e301c82a60923fa7c59d44f78d7a110a89a413e640/tree_sitter-0.25.2-cp313-cp313-macosx_11_0_arm64.whl", hash = "sha256:f5ddcd3e291a749b62521f71fc953f66f5fd9743973fd6dd962b092773569601", size = 137712, upload-time = "2025-09-25T17:37:44.039Z" },
    { url = "https://files.pythonhosted.org/packages/54/9a/423bba15d2bf6473ba67846ba5244b988cd97a4b1ea2b146822162256794/tree_sitter-0.25.2-cp313-cp313-manylinux2014_aarch64.manylinux_2_17_aarch64.manylinux_2_28_aarch64.whl", hash = "sha256:bd88fbb0f6c3a0f28f0a68d72df88e9755cf5215bae146f5a1bdc8362b772053", size = 607873, upload-time = "2025-09-25T17:37:45.477Z" },
    { url = "https://files.pythonhosted.org/packages/ed/4c/b430d2cb43f8badfb3a3fa9d6cd7c8247698187b5674008c9d67b2a90c8e/tree_sitter-0.25.2-cp313-cp313-manylinux2014_x86_64.manylinux_2_17_x86_64.manylinux_2_28_x86_64.whl", hash = "sha256:b878e296e63661c8e124177cc3084b041ba3f5936b43076d57c487822426f614", size = 636313, upload-time = "2025-09-25T17:37:46.68Z" },
    { url = "https://files.pythonhosted.org/packages/9d/27/5f97098dbba807331d666a0997662e82d066e84b17d92efab575d283822f/tree_sitter-0.25.2-cp313-cp313-musllinux_1_2_x86_64.whl", hash = "sha256:d77605e0d353ba3fe5627e5490f0fbfe44141bafa4478d88ef7954a61a848dae", size = 631370, upload-time = "2025-09-25T17:37:47.993Z" },
    { url = "https://files.pythonhosted.org/packages/d4/3c/87caaed663fabc35e18dc704cd0e9800a0ee2f22bd18b9cbe7c10799895d/tree_sitter-0.25.2-cp313-cp313-win_amd64.whl", hash = "sha256:463c032bd02052d934daa5f45d183e0521ceb783c2548501cf034b0beba92c9b", size = 127157, upload-time = "2025-09-25T17:37:48.967Z" },
    { url = "https://files.pythonhosted.org/packages/d5/23/f8467b408b7988aff4ea40946a4bd1a2c1a73d17156a9d039bbaff1e2ceb/tree_sitter-0.25.2-cp313-cp313-win_arm64.whl", hash = "sha256:b3f63a1796886249bd22c559a5944d64d05d43f2be72961624278eff0dcc5cb8", size = 113975, upload-time = "2025-09-25T17:37:49.922Z" },
    { url = "https://files.pythonhosted.org/packages/07/e3/d9526ba71dfbbe4eba5e51d89432b4b333a49a1e70712aa5590cd22fc74f/tree_sitter-0.25.2-cp314-cp314-macosx_10_13_x86_64.whl", hash = "sha256:65d3c931013ea798b502782acab986bbf47ba2c452610ab0776cf4a8ef150fc0", size = 146776, upload-time = "2025-09-25T17:37:50.898Z" },
    { url = "https://files.pythonhosted.org/packages/42/97/4bd4ad97f85a23011dd8a535534bb1035c4e0bac1234d58f438e15cff51f/tree_sitter-0.25.2-cp314-cp314-macosx_11_0_arm64.whl", hash = "sha256:bda059af9d621918efb813b22fb06b3fe00c3e94079c6143fcb2c565eb44cb87", size = 137732, upload-time = "2025-09-25T17:37:51.877Z" },
    { url = "https://files.pythonhosted.org/packages/b6/19/1e968aa0b1b567988ed522f836498a6a9529a74aab15f09dd9ac1e41f505/tree_sitter-0.25.2-cp314-cp314-manylinux2014_aarch64.manylinux_2_17_aarch64.manylinux_2_28_aarch64.whl", hash = "sha256:eac4e8e4c7060c75f395feec46421eb61212cb73998dbe004b7384724f3682ab", size = 609456, upload-time = "2025-09-25T17:37:52.925Z" },
    { url = "https://files.pythonhosted.org/packages/48/b6/cf08f4f20f4c9094006ef8828555484e842fc468827ad6e56011ab668dbd/tree_sitter-0.25.2-cp314-cp314-manylinux2014_x86_64.manylinux_2_17_x86_64.manylinux_2_28_x86_64.whl", hash = "sha256:260586381b23be33b6191a07cea3d44ecbd6c01aa4c6b027a0439145fcbc3358", size = 636772, upload-time = "2025-09-25T17:37:54.647Z" },
    { url = "https://files.pythonhosted.org/packages/57/e2/d42d55bf56360987c32bc7b16adb06744e425670b823fb8a5786a1cea991/tree_sitter-0.25.2-cp314-cp314-musllinux_1_2_x86_64.whl", hash = "sha256:7d2ee1acbacebe50ba0f85fff1bc05e65d877958f00880f49f9b2af38dce1af0", size = 631522, upload-time = "2025-09-25T17:37:55.833Z" },
    { url = "https://files.pythonhosted.org/packages/03/87/af9604ebe275a9345d88c3ace0cf2a1341aa3f8ef49dd9fc11662132df8a/tree_sitter-0.25.2-cp314-cp314-win_amd64.whl", hash = "sha256:4973b718fcadfb04e59e746abfbb0288694159c6aeecd2add59320c03368c721", size = 130864, upload-time = "2025-09-25T17:37:57.453Z" },
    { url = "https://files.pythonhosted.org/packages/a6/6e/e64621037357acb83d912276ffd30a859ef117f9c680f2e3cb955f47c680/tree_sitter-0.25.2-cp314-cp314-win_arm64.whl", hash = "sha256:b8d4429954a3beb3e844e2872610d2a4800ba4eb42bb1990c6a4b1949b18459f", size = 117470, upload-time = "2025-09-25T17:37:58.431Z" },
]

[[package]]
name = "tree-sitter-css"
version = "0.25.0"
source = { registry = "https://pypi.org/simple" }
sdist = { url = "https://files.pythonhosted.org/packages/38/37/7d60171240d4c5ba330f05b725dfb5e5fd5b7cbe0aa98ef9e77f77f868f5/tree_sitter_css-0.25.0.tar.gz", hash = "sha256:2fc996bf05b04e06061e88ee4c60837783dc4e62a695205acbc262ee30454138", size = 43232, upload-time = "2025-09-28T11:37:13.387Z" }
wheels = [
    { url = "https://files.pythonhosted.org/packages/25/a9/69e556f15ca774638bd79005369213dfbd41995bf032ce81cf3ffe086b8a/tree_sitter_css-0.25.0-cp310-abi3-macosx_10_9_x86_64.whl", hash = "sha256:ddce6f84eeb0bb2877b4587b07bffb0753040c44d811ed9ab2af978c313beda8", size = 29933, upload-time = "2025-09-28T11:37:07.703Z" },
    { url = "https://files.pythonhosted.org/packages/4d/28/ebcbcbba812d3e407f2f393747330eb8843e0c69d159024e33460b622aab/tree_sitter_css-0.25.0-cp310-abi3-macosx_11_0_arm64.whl", hash = "sha256:5a2a9c875037ef5f9da57697fb8075086476d42a49d25a88dcca60dfc09bd092", size = 31097, upload-time = "2025-09-28T11:37:08.46Z" },
    { url = "https://files.pythonhosted.org/packages/86/a2/6f9658c723f3a857367c198bd4f50d854aa9468783b418407492c9634a44/tree_sitter_css-0.25.0-cp310-abi3-manylinux1_x86_64.manylinux_2_28_x86_64.manylinux_2_5_x86_64.whl", hash = "sha256:4f5e1135bfd01bce24e2fc7bca1381f52bdd6c6282ee28f7aa77185340bcd135", size = 41713, upload-time = "2025-09-28T11:37:09.101Z" },
    { url = "https://files.pythonhosted.org/packages/85/bb/f74eea6839cb1ff6b5851c6ed33b18e65309eb347bbbe027c93e70e6c691/tree_sitter_css-0.25.0-cp310-abi3-manylinux2014_aarch64.manylinux_2_17_aarch64.manylinux_2_28_aarch64.whl", hash = "sha256:6b6d0084536828c733a66524a43c9df89f335971d5b1b973e9d1c42ba9dd426b", size = 42312, upload-time = "2025-09-28T11:37:09.757Z" },
    { url = "https://files.pythonhosted.org/packages/ca/fd/031ef1a5938441c98342faf70bb30998683b2130d4b55c282d76b2083f4a/tree_sitter_css-0.25.0-cp310-abi3-musllinux_1_2_aarch64.whl", hash = "sha256:8a83825daf538656cb88f4f7a0dd9963e3f204e83e7f8d92131f17e5bd712a77", size = 41585, upload-time = "2025-09-28T11:37:10.447Z" },
    { url = "https://files.pythonhosted.org/packages/96/74/9f269bb3644a0511c1c263135e32d38a7f2af39cbba24d59a1633a5ebbc1/tree_sitter_css-0.25.0-cp310-abi3-musllinux_1_2_x86_64.whl", hash = "sha256:b486c097d250a598fba5f1f46f62697c7f4428252c8bdaad696a907ee913421d", size = 41490, upload-time = "2025-09-28T11:37:11.134Z" },
    { url = "https://files.pythonhosted.org/packages/04/9f/d4f1d3164b692b97266274dad6437586e0614f75080b7795fc7bfa5bf8ff/tree_sitter_css-0.25.0-cp310-abi3-win_amd64.whl", hash = "sha256:fe319e4ad1b8327afbd9758b3ae22b09226d6c28dc9b022bcadabdaf6ea3716c", size = 32416, upload-time = "2025-09-28T11:37:11.808Z" },
    { url = "https://files.pythonhosted.org/packages/39/5c/fa62d70cb324788bcced741b5e19864ccf4c51ca31766a9f56a6b46a5cf6/tree_sitter_css-0.25.0-cp310-abi3-win_arm64.whl", hash = "sha256:4fc2c82645cd593f1c695b4d6b678d71e633212ca030f26dedee4f92434bfe21", size = 31057, upload-time = "2025-09-28T11:37:12.734Z" },
]

[[package]]
name = "tree-sitter-go"
version = "0.25.0"
source = { registry = "https://pypi.org/simple" }
sdist = { url = "https://files.pythonhosted.org/packages/01/05/727308adbbc79bcb1c92fc0ea10556a735f9d0f0a5435a18f59d40f7fd77/tree_sitter_go-0.25.0.tar.gz", hash = "sha256:a7466e9b8d94dda94cae8d91629f26edb2d26166fd454d4831c3bf6dfa2e8d68", size = 93890, upload-time = "2025-08-29T06:20:25.044Z" }
wheels = [
    { url = "https://files.pythonhosted.org/packages/ca/aa/0984707acc2b9bb461fe4a41e7e0fc5b2b1e245c32820f0c83b3c602957c/tree_sitter_go-0.25.0-cp310-abi3-macosx_10_9_x86_64.whl", hash = "sha256:b852993063a3429a443e7bd0aa376dd7dd329d595819fabf56ac4cf9d7257b54", size = 47117, upload-time = "2025-08-29T06:20:14.286Z" },
    { url = "https://files.pythonhosted.org/packages/32/16/dd4cb124b35e99239ab3624225da07d4cb8da4d8564ed81d03fcb3a6ba9f/tree_sitter_go-0.25.0-cp310-abi3-macosx_11_0_arm64.whl", hash = "sha256:503b81a2b4c31e302869a1de3a352ad0912ccab3df9ac9950197b0a9ceeabd8f", size = 48674, upload-time = "2025-08-29T06:20:17.557Z" },
    { url = "https://files.pythonhosted.org/packages/86/fb/b30d63a08044115d8b8bd196c6c2ab4325fb8db5757249a4ef0563966e2e/tree_sitter_go-0.25.0-cp310-abi3-manylinux1_x86_64.manylinux_2_28_x86_64.manylinux_2_5_x86_64.whl", hash = "sha256:04b3b3cb4aff18e74e28d49b716c6f24cb71ddfdd66768987e26e4d0fa812f74", size = 66418, upload-time = "2025-08-29T06:20:18.345Z" },
    { url = "https://files.pythonhosted.org/packages/26/21/d3d88a30ad007419b2c97b3baeeef7431407faf9f686195b6f1cad0aedf9/tree_sitter_go-0.25.0-cp310-abi3-manylinux2014_aarch64.manylinux_2_17_aarch64.manylinux_2_28_aarch64.whl", hash = "sha256:148255aca2f54b90d48c48a9dbb4c7faad6cad310a980b2c5a5a9822057ed145", size = 72006, upload-time = "2025-08-29T06:20:19.14Z" },
    { url = "https://files.pythonhosted.org/packages/cd/d0/0dd6442353ced8a88bbda9e546f4ea29e381b59b5a40b122e5abb586bb6c/tree_sitter_go-0.25.0-cp310-abi3-musllinux_1_2_aarch64.whl", hash = "sha256:4d338116cdf8a6c6ff990d2441929b41323ef17c710407abe0993c13417d6aad", size = 70603, upload-time = "2025-08-29T06:20:21.544Z" },
    { url = "https://files.pythonhosted.org/packages/01/e2/ee5e09f63504fc286539535d374d2eaa0e7d489b80f8f744bb3962aff22a/tree_sitter_go-0.25.0-cp310-abi3-musllinux_1_2_x86_64.whl", hash = "sha256:5608e089d2a29fa8d2b327abeb2ad1cdb8e223c440a6b0ceab0d3fa80bdeebae", size = 66088, upload-time = "2025-08-29T06:20:22.336Z" },
    { url = "https://files.pythonhosted.org/packages/6e/b6/d9142583374720e79aca9ccb394b3795149a54c012e1dfd80738df2d984e/tree_sitter_go-0.25.0-cp310-abi3-win_amd64.whl", hash = "sha256:30d4ada57a223dfc2c32d942f44d284d40f3d1215ddcf108f96807fd36d53022", size = 48152, upload-time = "2025-08-29T06:20:23.089Z" },
    { url = "https://files.pythonhosted.org/packages/9e/00/9a2638e7339236f5b01622952a4d71c1474dd3783d1982a89555fc1f03b1/tree_sitter_go-0.25.0-cp310-abi3-win_arm64.whl", hash = "sha256:d5d62362059bf79997340773d47cc7e7e002883b527a05cca829c46e40b70ded", size = 46752, upload-time = "2025-08-29T06:20:24.235Z" },
]

[[package]]
name = "tree-sitter-svelte"
version = "1.0.2"
source = { registry = "https://pypi.org/simple" }
sdist = { url = "https://files.pythonhosted.org/packages/bc/88/0b974d002bf819427e73155d69733530da75671fbdd3869490a46529d63d/tree_sitter_svelte-1.0.2.tar.gz", hash = "sha256:c7153ff70b09abda8eb6937653f374b722f8835abd20b728713a0e7bb90d0c2b", size = 28906, upload-time = "2024-09-08T00:50:06.299Z" }
wheels = [
    { url = "https://files.pythonhosted.org/packages/c0/a1/6474c819cb43a39c1b7ceec1cde24780c68914754fda673f14174ed3d1a6/tree_sitter_svelte-1.0.2-cp39-abi3-macosx_10_9_x86_64.whl", hash = "sha256:7a53e6ddb4c626e6595119d67231a4bf992af882d17640e279c33f7ede8e9ff8", size = 22733, upload-time = "2024-09-08T00:49:55.11Z" },
    { url = "https://files.pythonhosted.org/packages/9b/c5/470276ec3cef4d358d8bcb52a358ef8d97e1bfc19c71c8f6710ffbe9b825/tree_sitter_svelte-1.0.2-cp39-abi3-macosx_11_0_arm64.whl", hash = "sha256:d263ad25dd26da5e1fa919b08aa997ccb042504d12a9ca80a5c7631edcc5a672", size = 23164, upload-time = "2024-09-08T00:49:56.256Z" },
    { url = "https://files.pythonhosted.org/packages/5c/5f/c85caa50a0c1892e350808f3fb59864a2021ddecd7e29212ed106e8b31c5/tree_sitter_svelte-1.0.2-cp39-abi3-manylinux_2_17_aarch64.manylinux2014_aarch64.whl", hash = "sha256:eb529109f74808bed36bca613f5b2b3e0494e1f30a42346539738a0433ea8d50", size = 53367, upload-time = "2024-09-08T00:49:57.553Z" },
    { url = "https://files.pythonhosted.org/packages/93/48/2fca4934927e1c272e57ca74a599ba773cd4bc52f327c58752a6b01da8d3/tree_sitter_svelte-1.0.2-cp39-abi3-manylinux_2_5_x86_64.manylinux1_x86_64.manylinux_2_17_x86_64.manylinux2014_x86_64.whl", hash = "sha256:00972e83ef9a4f6c05532cf0614488b2b40ee017b77e58bf8e6540e1ade4d52d", size = 54159, upload-time = "2024-09-08T00:49:58.914Z" },
    { url = "https://files.pythonhosted.org/packages/4d/35/c9c42e63e27995e7e41520829e35ee69d201c76fcdd116d5c8c06c46c68d/tree_sitter_svelte-1.0.2-cp39-abi3-musllinux_1_2_aarch64.whl", hash = "sha256:0197d5b6430cc9cb59a3401526a5628fc06372f4905a55c4ee6f300e0890bb30", size = 52591, upload-time = "2024-09-08T00:50:00.301Z" },
    { url = "https://files.pythonhosted.org/packages/48/fa/81b0795920f974111c27bf5a94b9b1c2a139b3f4dc25bcacae3c24b33619/tree_sitter_svelte-1.0.2-cp39-abi3-musllinux_1_2_x86_64.whl", hash = "sha256:287fa2d5c1e0b1bd6c7c6e5c3314e4bc41d2d3f17a464e205e77265a2762bb8c", size = 52584, upload-time = "2024-09-08T00:50:01.953Z" },
    { url = "https://files.pythonhosted.org/packages/7a/cf/78c27487e249e4179d32e0ff8174fa98ba9f87cfd88d9340b6551d4fb6c0/tree_sitter_svelte-1.0.2-cp39-abi3-win_amd64.whl", hash = "sha256:febd1573c9469a1d4ce199801fd63d144d21e0f09e1458b1637ffb00f473ce0e", size = 25899, upload-time = "2024-09-08T00:50:03.32Z" },
    { url = "https://files.pythonhosted.org/packages/8d/91/a62ede59992e901c8bcb3696e0eb703d0c894d6e01a4837ed84bb22e629f/tree_sitter_svelte-1.0.2-cp39-abi3-win_arm64.whl", hash = "sha256:5675f49301e2079f0b7502912c7ef49e988cc2ad66a3c779b6cf3a689bb0b48f", size = 23414, upload-time = "2024-09-08T00:50:04.781Z" },
]

[[package]]
name = "tree-sitter-typescript"
version = "0.23.2"
source = { registry = "https://pypi.org/simple" }
sdist = { url = "https://files.pythonhosted.org/packages/1e/fc/bb52958f7e399250aee093751e9373a6311cadbe76b6e0d109b853757f35/tree_sitter_typescript-0.23.2.tar.gz", hash = "sha256:7b167b5827c882261cb7a50dfa0fb567975f9b315e87ed87ad0a0a3aedb3834d", size = 773053, upload-time = "2024-11-11T02:36:11.396Z" }
wheels = [
    { url = "https://files.pythonhosted.org/packages/28/95/4c00680866280e008e81dd621fd4d3f54aa3dad1b76b857a19da1b2cc426/tree_sitter_typescript-0.23.2-cp39-abi3-macosx_10_9_x86_64.whl", hash = "sha256:3cd752d70d8e5371fdac6a9a4df9d8924b63b6998d268586f7d374c9fba2a478", size = 286677, upload-time = "2024-11-11T02:35:58.839Z" },
    { url = "https://files.pythonhosted.org/packages/8f/2f/1f36fda564518d84593f2740d5905ac127d590baf5c5753cef2a88a89c15/tree_sitter_typescript-0.23.2-cp39-abi3-macosx_11_0_arm64.whl", hash = "sha256:c7cc1b0ff5d91bac863b0e38b1578d5505e718156c9db577c8baea2557f66de8", size = 302008, upload-time = "2024-11-11T02:36:00.733Z" },
    { url = "https://files.pythonhosted.org/packages/96/2d/975c2dad292aa9994f982eb0b69cc6fda0223e4b6c4ea714550477d8ec3a/tree_sitter_typescript-0.23.2-cp39-abi3-manylinux_2_17_aarch64.manylinux2014_aarch64.whl", hash = "sha256:4b1eed5b0b3a8134e86126b00b743d667ec27c63fc9de1b7bb23168803879e31", size = 351987, upload-time = "2024-11-11T02:36:02.669Z" },
    { url = "https://files.pythonhosted.org/packages/49/d1/a71c36da6e2b8a4ed5e2970819b86ef13ba77ac40d9e333cb17df6a2c5db/tree_sitter_typescript-0.23.2-cp39-abi3-manylinux_2_5_x86_64.manylinux1_x86_64.manylinux_2_17_x86_64.manylinux2014_x86_64.whl", hash = "sha256:e96d36b85bcacdeb8ff5c2618d75593ef12ebaf1b4eace3477e2bdb2abb1752c", size = 344960, upload-time = "2024-11-11T02:36:04.443Z" },
    { url = "https://files.pythonhosted.org/packages/7f/cb/f57b149d7beed1a85b8266d0c60ebe4c46e79c9ba56bc17b898e17daf88e/tree_sitter_typescript-0.23.2-cp39-abi3-musllinux_1_2_x86_64.whl", hash = "sha256:8d4f0f9bcb61ad7b7509d49a1565ff2cc363863644a234e1e0fe10960e55aea0", size = 340245, upload-time = "2024-11-11T02:36:06.473Z" },
    { url = "https://files.pythonhosted.org/packages/8b/ab/dd84f0e2337296a5f09749f7b5483215d75c8fa9e33738522e5ed81f7254/tree_sitter_typescript-0.23.2-cp39-abi3-win_amd64.whl", hash = "sha256:3f730b66396bc3e11811e4465c41ee45d9e9edd6de355a58bbbc49fa770da8f9", size = 278015, upload-time = "2024-11-11T02:36:07.631Z" },
    { url = "https://files.pythonhosted.org/packages/9f/e4/81f9a935789233cf412a0ed5fe04c883841d2c8fb0b7e075958a35c65032/tree_sitter_typescript-0.23.2-cp39-abi3-win_arm64.whl", hash = "sha256:05db58f70b95ef0ea126db5560f3775692f609589ed6f8dd0af84b7f19f1cbb7", size = 274052, upload-time = "2024-11-11T02:36:09.514Z" },
]
